
Microsoft Visual Studio Solution File, Format Version 12.00
# Visual Studio Version 17
VisualStudioVersion = 17.11.35222.181
MinimumVisualStudioVersion = 10.0.40219.1
Project("{8BC9CEB8-8B4A-11D0-8D11-00A0C91BC942}") = "console project", "console project.vcxproj", "{888D5D46-50D1-4FDD-B311-F7E07C8129FE}"
EndProject
Global
	GlobalSection(SolutionConfigurationPlatforms) = preSolution
		Debug|x64 = Debug|x64
		Debug|x86 = Debug|x86
		Release|x64 = Release|x64
		Release|x86 = Release|x86
	EndGlobalSection
	GlobalSection(ProjectConfigurationPlatforms) = postSolution
		{888D5D46-50D1-4FDD-B311-F7E07C8129FE}.Debug|x64.ActiveCfg = Debug|x64
		{888D5D46-50D1-4FDD-B311-F7E07C8129FE}.Debug|x64.Build.0 = Debug|x64
		{888D5D46-50D1-4FDD-B311-F7E07C8129FE}.Debug|x86.ActiveCfg = Debug|Win32
		{888D5D46-50D1-4FDD-B311-F7E07C8129FE}.Debug|x86.Build.0 = Debug|Win32
		{888D5D46-50D1-4FDD-B311-F7E07C8129FE}.Release|x64.ActiveCfg = Release|x64
		{888D5D46-50D1-4FDD-B311-F7E07C8129FE}.Release|x64.Build.0 = Release|x64
		{888D5D46-50D1-4FDD-B311-F7E07C8129FE}.Release|x86.ActiveCfg = Release|Win32
		{888D5D46-50D1-4FDD-B311-F7E07C8129FE}.Release|x86.Build.0 = Release|Win32
	EndGlobalSection
	GlobalSection(SolutionProperties) = preSolution
		HideSolutionNode = FALSE
	EndGlobalSection
	GlobalSection(ExtensibilityGlobals) = postSolution
		SolutionGuid = {BE9F124E-BD12-442B-A6E3-2C08160DB513}
	EndGlobalSection
EndGlobal
